
Microsoft Visual Studio Solution File, Format Version 12.00
# Visual Studio Version 17
VisualStudioVersion = 17.11.35312.102
MinimumVisualStudioVersion = 10.0.40219.1
Project("{9A19103F-16F7-4668-BE54-9A1E7A4F7556}") = "EmptyWeb", "EmptyWeb\EmptyWeb.csproj", "{ECFB0412-19F5-40B7-BF44-211CBB620903}"
EndProject
Project("{9A19103F-16F7-4668-BE54-9A1E7A4F7556}") = "WebMVC", "WebMVC\WebMVC.csproj", "{D87C8F31-4BB4-4E1C-B65A-BA6843AB489C}"
EndProject
Project("{FAE04EC0-301F-11D3-BF4B-00C04F79EFBC}") = "WebRazorPages", "WebRazorPages\WebRazorPages.csproj", "{B1849692-6E52-4205-8B90-ABD71E8C3409}"
EndProject
Project("{9A19103F-16F7-4668-BE54-9A1E7A4F7556}") = "NorthwindEntities", "..\EntityFrameWorkCore\NorthwindEntities\NorthwindEntities.csproj", "{C3C3F0E8-94E8-4D4D-92B4-E1550E55F396}"
EndProject
Project("{9A19103F-16F7-4668-BE54-9A1E7A4F7556}") = "GenericReposLib", "..\EntityFrameWorkCore\GenericReposLib\GenericReposLib.csproj", "{722FC266-A1AB-4AF8-9791-C87585987982}"
EndProject
Global
	GlobalSection(SolutionConfigurationPlatforms) = preSolution
		Debug|Any CPU = Debug|Any CPU
		Release|Any CPU = Release|Any CPU
	EndGlobalSection
	GlobalSection(ProjectConfigurationPlatforms) = postSolution
		{ECFB0412-19F5-40B7-BF44-211CBB620903}.Debug|Any CPU.ActiveCfg = Debug|Any CPU
		{ECFB0412-19F5-40B7-BF44-211CBB620903}.Debug|Any CPU.Build.0 = Debug|Any CPU
		{ECFB0412-19F5-40B7-BF44-211CBB620903}.Release|Any CPU.ActiveCfg = Release|Any CPU
		{ECFB0412-19F5-40B7-BF44-211CBB620903}.Release|Any CPU.Build.0 = Release|Any CPU
		{D87C8F31-4BB4-4E1C-B65A-BA6843AB489C}.Debug|Any CPU.ActiveCfg = Debug|Any CPU
		{D87C8F31-4BB4-4E1C-B65A-BA6843AB489C}.Debug|Any CPU.Build.0 = Debug|Any CPU
		{D87C8F31-4BB4-4E1C-B65A-BA6843AB489C}.Release|Any CPU.ActiveCfg = Release|Any CPU
		{D87C8F31-4BB4-4E1C-B65A-BA6843AB489C}.Release|Any CPU.Build.0 = Release|Any CPU
		{B1849692-6E52-4205-8B90-ABD71E8C3409}.Debug|Any CPU.ActiveCfg = Debug|Any CPU
		{B1849692-6E52-4205-8B90-ABD71E8C3409}.Debug|Any CPU.Build.0 = Debug|Any CPU
		{B1849692-6E52-4205-8B90-ABD71E8C3409}.Release|Any CPU.ActiveCfg = Release|Any CPU
		{B1849692-6E52-4205-8B90-ABD71E8C3409}.Release|Any CPU.Build.0 = Release|Any CPU
		{C3C3F0E8-94E8-4D4D-92B4-E1550E55F396}.Debug|Any CPU.ActiveCfg = Debug|Any CPU
		{C3C3F0E8-94E8-4D4D-92B4-E1550E55F396}.Debug|Any CPU.Build.0 = Debug|Any CPU
		{C3C3F0E8-94E8-4D4D-92B4-E1550E55F396}.Release|Any CPU.ActiveCfg = Release|Any CPU
		{C3C3F0E8-94E8-4D4D-92B4-E1550E55F396}.Release|Any CPU.Build.0 = Release|Any CPU
		{722FC266-A1AB-4AF8-9791-C87585987982}.Debug|Any CPU.ActiveCfg = Debug|Any CPU
		{722FC266-A1AB-4AF8-9791-C87585987982}.Debug|Any CPU.Build.0 = Debug|Any CPU
		{722FC266-A1AB-4AF8-9791-C87585987982}.Release|Any CPU.ActiveCfg = Release|Any CPU
		{722FC266-A1AB-4AF8-9791-C87585987982}.Release|Any CPU.Build.0 = Release|Any CPU
	EndGlobalSection
	GlobalSection(SolutionProperties) = preSolution
		HideSolutionNode = FALSE
	EndGlobalSection
	GlobalSection(ExtensibilityGlobals) = postSolution
		SolutionGuid = {69868CF5-2424-415E-A39C-0802F3AF182E}
	EndGlobalSection
EndGlobal
